// !$*UTF8*$!
{
	archiveVersion = 1;
	classes = {
	};
	objectVersion = 48;
	objects = {

/* Begin PBXBuildFile section */
		460675B41FE723EE00E071E1 /* 04_TopToBottom2.wav in Resources */ = {isa = PBXBuildFile; fileRef = 460675A21FE723EC00E071E1 /* 04_TopToBottom2.wav */; };
		460675B51FE723EE00E071E1 /* 01_Shamatha2.wav in Resources */ = {isa = PBXBuildFile; fileRef = 460675A31FE723EC00E071E1 /* 01_Shamatha2.wav */; };
		460675B61FE723EE00E071E1 /* 07_Sweeping2.wav in Resources */ = {isa = PBXBuildFile; fileRef = 460675A41FE723EC00E071E1 /* 07_Sweeping2.wav */; };
		460675B71FE723EE00E071E1 /* 03_FocusedAnapana2.wav in Resources */ = {isa = PBXBuildFile; fileRef = 460675A51FE723EC00E071E1 /* 03_FocusedAnapana2.wav */; };
		460675B81FE723EE00E071E1 /* 07_Sweeping.wav in Resources */ = {isa = PBXBuildFile; fileRef = 460675A61FE723EC00E071E1 /* 07_Sweeping.wav */; };
		460675B91FE723EE00E071E1 /* 03_FocusedAnapana.wav in Resources */ = {isa = PBXBuildFile; fileRef = 460675A71FE723ED00E071E1 /* 03_FocusedAnapana.wav */; };
		460675BA1FE723EE00E071E1 /* 01_Shamatha.wav in Resources */ = {isa = PBXBuildFile; fileRef = 460675A81FE723ED00E071E1 /* 01_Shamatha.wav */; };
		460675BB1FE723EE00E071E1 /* 08_InTheMoment2.wav in Resources */ = {isa = PBXBuildFile; fileRef = 460675A91FE723ED00E071E1 /* 08_InTheMoment2.wav */; };
		460675BC1FE723EE00E071E1 /* 06_Symmetrical.wav in Resources */ = {isa = PBXBuildFile; fileRef = 460675AA1FE723ED00E071E1 /* 06_Symmetrical.wav */; };
		460675BD1FE723EE00E071E1 /* MetaPana.wav in Resources */ = {isa = PBXBuildFile; fileRef = 460675AB1FE723ED00E071E1 /* MetaPana.wav */; };
		460675BE1FE723EE00E071E1 /* Introduction.wav in Resources */ = {isa = PBXBuildFile; fileRef = 460675AC1FE723ED00E071E1 /* Introduction.wav */; };
		460675BF1FE723EE00E071E1 /* 02_Anapana.wav in Resources */ = {isa = PBXBuildFile; fileRef = 460675AD1FE723ED00E071E1 /* 02_Anapana.wav */; };
		460675C01FE723EE00E071E1 /* 02_Anapana2.wav in Resources */ = {isa = PBXBuildFile; fileRef = 460675AE1FE723ED00E071E1 /* 02_Anapana2.wav */; };
		460675C11FE723EE00E071E1 /* 04_TopToBottom.wav in Resources */ = {isa = PBXBuildFile; fileRef = 460675AF1FE723ED00E071E1 /* 04_TopToBottom.wav */; };
		460675C21FE723EE00E071E1 /* 06_Symmetrical2.wav in Resources */ = {isa = PBXBuildFile; fileRef = 460675B01FE723ED00E071E1 /* 06_Symmetrical2.wav */; };
		460675C31FE723EE00E071E1 /* 05_TopToBottomBottomToTop2.wav in Resources */ = {isa = PBXBuildFile; fileRef = 460675B11FE723EE00E071E1 /* 05_TopToBottomBottomToTop2.wav */; };
		460675C41FE723EE00E071E1 /* 05_TopToBottomBottomToTop.wav in Resources */ = {isa = PBXBuildFile; fileRef = 460675B21FE723EE00E071E1 /* 05_TopToBottomBottomToTop.wav */; };
		460675C51FE723EE00E071E1 /* 08_InTheMoment.wav in Resources */ = {isa = PBXBuildFile; fileRef = 460675B31FE723EE00E071E1 /* 08_InTheMoment.wav */; };
		4630ECF51FE70CA50066D5E5 /* Track.swift in Sources */ = {isa = PBXBuildFile; fileRef = 4630ECF41FE70CA50066D5E5 /* Track.swift */; };
		4630ECF71FE712350066D5E5 /* User.swift in Sources */ = {isa = PBXBuildFile; fileRef = 4630ECF61FE712350066D5E5 /* User.swift */; };
		4630ECFA1FE713E70066D5E5 /* VipassanaManager.swift in Sources */ = {isa = PBXBuildFile; fileRef = 4630ECF91FE713E70066D5E5 /* VipassanaManager.swift */; };
		46E6CB491FE6EA3200F09C38 /* AppDelegate.swift in Sources */ = {isa = PBXBuildFile; fileRef = 46E6CB481FE6EA3200F09C38 /* AppDelegate.swift */; };
		46E6CB4B1FE6EA3200F09C38 /* ViewController.swift in Sources */ = {isa = PBXBuildFile; fileRef = 46E6CB4A1FE6EA3200F09C38 /* ViewController.swift */; };
		46E6CB4E1FE6EA3200F09C38 /* Main.storyboard in Resources */ = {isa = PBXBuildFile; fileRef = 46E6CB4C1FE6EA3200F09C38 /* Main.storyboard */; };
		46E6CB501FE6EA3200F09C38 /* Assets.xcassets in Resources */ = {isa = PBXBuildFile; fileRef = 46E6CB4F1FE6EA3200F09C38 /* Assets.xcassets */; };
		46E6CB531FE6EA3200F09C38 /* LaunchScreen.storyboard in Resources */ = {isa = PBXBuildFile; fileRef = 46E6CB511FE6EA3200F09C38 /* LaunchScreen.storyboard */; };
		46E6CB5E1FE6EA3200F09C38 /* VipassanaTests.swift in Sources */ = {isa = PBXBuildFile; fileRef = 46E6CB5D1FE6EA3200F09C38 /* VipassanaTests.swift */; };
		46E6CB691FE6EA3200F09C38 /* VipassanaUITests.swift in Sources */ = {isa = PBXBuildFile; fileRef = 46E6CB681FE6EA3200F09C38 /* VipassanaUITests.swift */; };
/* End PBXBuildFile section */

/* Begin PBXContainerItemProxy section */
		46E6CB5A1FE6EA3200F09C38 /* PBXContainerItemProxy */ = {
			isa = PBXContainerItemProxy;
			containerPortal = 46E6CB3D1FE6EA3200F09C38 /* Project object */;
			proxyType = 1;
			remoteGlobalIDString = 46E6CB441FE6EA3200F09C38;
			remoteInfo = Vipassana;
		};
		46E6CB651FE6EA3200F09C38 /* PBXContainerItemProxy */ = {
			isa = PBXContainerItemProxy;
			containerPortal = 46E6CB3D1FE6EA3200F09C38 /* Project object */;
			proxyType = 1;
			remoteGlobalIDString = 46E6CB441FE6EA3200F09C38;
			remoteInfo = Vipassana;
		};
/* End PBXContainerItemProxy section */

/* Begin PBXFileReference section */
		460675A21FE723EC00E071E1 /* 04_TopToBottom2.wav */ = {isa = PBXFileReference; lastKnownFileType = audio.wav; path = 04_TopToBottom2.wav; sourceTree = "<group>"; };
		460675A31FE723EC00E071E1 /* 01_Shamatha2.wav */ = {isa = PBXFileReference; lastKnownFileType = audio.wav; path = 01_Shamatha2.wav; sourceTree = "<group>"; };
		460675A41FE723EC00E071E1 /* 07_Sweeping2.wav */ = {isa = PBXFileReference; lastKnownFileType = audio.wav; path = 07_Sweeping2.wav; sourceTree = "<group>"; };
		460675A51FE723EC00E071E1 /* 03_FocusedAnapana2.wav */ = {isa = PBXFileReference; lastKnownFileType = audio.wav; path = 03_FocusedAnapana2.wav; sourceTree = "<group>"; };
		460675A61FE723EC00E071E1 /* 07_Sweeping.wav */ = {isa = PBXFileReference; lastKnownFileType = audio.wav; path = 07_Sweeping.wav; sourceTree = "<group>"; };
		460675A71FE723ED00E071E1 /* 03_FocusedAnapana.wav */ = {isa = PBXFileReference; lastKnownFileType = audio.wav; path = 03_FocusedAnapana.wav; sourceTree = "<group>"; };
		460675A81FE723ED00E071E1 /* 01_Shamatha.wav */ = {isa = PBXFileReference; lastKnownFileType = audio.wav; path = 01_Shamatha.wav; sourceTree = "<group>"; };
		460675A91FE723ED00E071E1 /* 08_InTheMoment2.wav */ = {isa = PBXFileReference; lastKnownFileType = audio.wav; path = 08_InTheMoment2.wav; sourceTree = "<group>"; };
		460675AA1FE723ED00E071E1 /* 06_Symmetrical.wav */ = {isa = PBXFileReference; lastKnownFileType = audio.wav; path = 06_Symmetrical.wav; sourceTree = "<group>"; };
		460675AB1FE723ED00E071E1 /* MetaPana.wav */ = {isa = PBXFileReference; lastKnownFileType = audio.wav; path = MetaPana.wav; sourceTree = "<group>"; };
		460675AC1FE723ED00E071E1 /* Introduction.wav */ = {isa = PBXFileReference; lastKnownFileType = audio.wav; path = Introduction.wav; sourceTree = "<group>"; };
		460675AD1FE723ED00E071E1 /* 02_Anapana.wav */ = {isa = PBXFileReference; lastKnownFileType = audio.wav; path = 02_Anapana.wav; sourceTree = "<group>"; };
		460675AE1FE723ED00E071E1 /* 02_Anapana2.wav */ = {isa = PBXFileReference; lastKnownFileType = audio.wav; path = 02_Anapana2.wav; sourceTree = "<group>"; };
		460675AF1FE723ED00E071E1 /* 04_TopToBottom.wav */ = {isa = PBXFileReference; lastKnownFileType = audio.wav; path = 04_TopToBottom.wav; sourceTree = "<group>"; };
		460675B01FE723ED00E071E1 /* 06_Symmetrical2.wav */ = {isa = PBXFileReference; lastKnownFileType = audio.wav; path = 06_Symmetrical2.wav; sourceTree = "<group>"; };
		460675B11FE723EE00E071E1 /* 05_TopToBottomBottomToTop2.wav */ = {isa = PBXFileReference; lastKnownFileType = audio.wav; path = 05_TopToBottomBottomToTop2.wav; sourceTree = "<group>"; };
		460675B21FE723EE00E071E1 /* 05_TopToBottomBottomToTop.wav */ = {isa = PBXFileReference; lastKnownFileType = audio.wav; path = 05_TopToBottomBottomToTop.wav; sourceTree = "<group>"; };
		460675B31FE723EE00E071E1 /* 08_InTheMoment.wav */ = {isa = PBXFileReference; lastKnownFileType = audio.wav; path = 08_InTheMoment.wav; sourceTree = "<group>"; };
		4630ECF41FE70CA50066D5E5 /* Track.swift */ = {isa = PBXFileReference; lastKnownFileType = sourcecode.swift; path = Track.swift; sourceTree = "<group>"; };
		4630ECF61FE712350066D5E5 /* User.swift */ = {isa = PBXFileReference; lastKnownFileType = sourcecode.swift; path = User.swift; sourceTree = "<group>"; };
		4630ECF91FE713E70066D5E5 /* VipassanaManager.swift */ = {isa = PBXFileReference; lastKnownFileType = sourcecode.swift; path = VipassanaManager.swift; sourceTree = "<group>"; };
		46E6CB451FE6EA3200F09C38 /* Vipassana.app */ = {isa = PBXFileReference; explicitFileType = wrapper.application; includeInIndex = 0; path = Vipassana.app; sourceTree = BUILT_PRODUCTS_DIR; };
		46E6CB481FE6EA3200F09C38 /* AppDelegate.swift */ = {isa = PBXFileReference; lastKnownFileType = sourcecode.swift; path = AppDelegate.swift; sourceTree = "<group>"; };
		46E6CB4A1FE6EA3200F09C38 /* ViewController.swift */ = {isa = PBXFileReference; lastKnownFileType = sourcecode.swift; path = ViewController.swift; sourceTree = "<group>"; };
		46E6CB4D1FE6EA3200F09C38 /* Base */ = {isa = PBXFileReference; lastKnownFileType = file.storyboard; name = Base; path = Base.lproj/Main.storyboard; sourceTree = "<group>"; };
		46E6CB4F1FE6EA3200F09C38 /* Assets.xcassets */ = {isa = PBXFileReference; lastKnownFileType = folder.assetcatalog; path = Assets.xcassets; sourceTree = "<group>"; };
		46E6CB521FE6EA3200F09C38 /* Base */ = {isa = PBXFileReference; lastKnownFileType = file.storyboard; name = Base; path = Base.lproj/LaunchScreen.storyboard; sourceTree = "<group>"; };
		46E6CB541FE6EA3200F09C38 /* Info.plist */ = {isa = PBXFileReference; lastKnownFileType = text.plist.xml; path = Info.plist; sourceTree = "<group>"; };
		46E6CB591FE6EA3200F09C38 /* VipassanaTests.xctest */ = {isa = PBXFileReference; explicitFileType = wrapper.cfbundle; includeInIndex = 0; path = VipassanaTests.xctest; sourceTree = BUILT_PRODUCTS_DIR; };
		46E6CB5D1FE6EA3200F09C38 /* VipassanaTests.swift */ = {isa = PBXFileReference; lastKnownFileType = sourcecode.swift; path = VipassanaTests.swift; sourceTree = "<group>"; };
		46E6CB5F1FE6EA3200F09C38 /* Info.plist */ = {isa = PBXFileReference; lastKnownFileType = text.plist.xml; path = Info.plist; sourceTree = "<group>"; };
		46E6CB641FE6EA3200F09C38 /* VipassanaUITests.xctest */ = {isa = PBXFileReference; explicitFileType = wrapper.cfbundle; includeInIndex = 0; path = VipassanaUITests.xctest; sourceTree = BUILT_PRODUCTS_DIR; };
		46E6CB681FE6EA3200F09C38 /* VipassanaUITests.swift */ = {isa = PBXFileReference; lastKnownFileType = sourcecode.swift; path = VipassanaUITests.swift; sourceTree = "<group>"; };
		46E6CB6A1FE6EA3200F09C38 /* Info.plist */ = {isa = PBXFileReference; lastKnownFileType = text.plist.xml; path = Info.plist; sourceTree = "<group>"; };
/* End PBXFileReference section */

/* Begin PBXFrameworksBuildPhase section */
		46E6CB421FE6EA3200F09C38 /* Frameworks */ = {
			isa = PBXFrameworksBuildPhase;
			buildActionMask = 2147483647;
			files = (
			);
			runOnlyForDeploymentPostprocessing = 0;
		};
		46E6CB561FE6EA3200F09C38 /* Frameworks */ = {
			isa = PBXFrameworksBuildPhase;
			buildActionMask = 2147483647;
			files = (
			);
			runOnlyForDeploymentPostprocessing = 0;
		};
		46E6CB611FE6EA3200F09C38 /* Frameworks */ = {
			isa = PBXFrameworksBuildPhase;
			buildActionMask = 2147483647;
			files = (
			);
			runOnlyForDeploymentPostprocessing = 0;
		};
/* End PBXFrameworksBuildPhase section */

/* Begin PBXGroup section */
		4630ECF31FE70C7B0066D5E5 /* Models */ = {
			isa = PBXGroup;
			children = (
				4630ECF41FE70CA50066D5E5 /* Track.swift */,
				4630ECF61FE712350066D5E5 /* User.swift */,
			);
			path = Models;
			sourceTree = "<group>";
		};
		4630ECF81FE713CB0066D5E5 /* Managers */ = {
			isa = PBXGroup;
			children = (
				4630ECF91FE713E70066D5E5 /* VipassanaManager.swift */,
			);
			path = Managers;
			sourceTree = "<group>";
		};
		4630ECFC1FE71C660066D5E5 /* AudioAssets */ = {
			isa = PBXGroup;
			children = (
				460675A81FE723ED00E071E1 /* 01_Shamatha.wav */,
				460675A31FE723EC00E071E1 /* 01_Shamatha2.wav */,
				460675AD1FE723ED00E071E1 /* 02_Anapana.wav */,
				460675AE1FE723ED00E071E1 /* 02_Anapana2.wav */,
				460675A71FE723ED00E071E1 /* 03_FocusedAnapana.wav */,
				460675A51FE723EC00E071E1 /* 03_FocusedAnapana2.wav */,
				460675AF1FE723ED00E071E1 /* 04_TopToBottom.wav */,
				460675A21FE723EC00E071E1 /* 04_TopToBottom2.wav */,
				460675B21FE723EE00E071E1 /* 05_TopToBottomBottomToTop.wav */,
				460675B11FE723EE00E071E1 /* 05_TopToBottomBottomToTop2.wav */,
				460675AA1FE723ED00E071E1 /* 06_Symmetrical.wav */,
				460675B01FE723ED00E071E1 /* 06_Symmetrical2.wav */,
				460675A61FE723EC00E071E1 /* 07_Sweeping.wav */,
				460675A41FE723EC00E071E1 /* 07_Sweeping2.wav */,
				460675B31FE723EE00E071E1 /* 08_InTheMoment.wav */,
				460675A91FE723ED00E071E1 /* 08_InTheMoment2.wav */,
				460675AC1FE723ED00E071E1 /* Introduction.wav */,
				460675AB1FE723ED00E071E1 /* MetaPana.wav */,
			);
			path = AudioAssets;
			sourceTree = "<group>";
		};
		46E6CB3C1FE6EA3200F09C38 = {
			isa = PBXGroup;
			children = (
				46E6CB471FE6EA3200F09C38 /* Vipassana */,
				46E6CB5C1FE6EA3200F09C38 /* VipassanaTests */,
				46E6CB671FE6EA3200F09C38 /* VipassanaUITests */,
				46E6CB461FE6EA3200F09C38 /* Products */,
			);
			sourceTree = "<group>";
		};
		46E6CB461FE6EA3200F09C38 /* Products */ = {
			isa = PBXGroup;
			children = (
				46E6CB451FE6EA3200F09C38 /* Vipassana.app */,
				46E6CB591FE6EA3200F09C38 /* VipassanaTests.xctest */,
				46E6CB641FE6EA3200F09C38 /* VipassanaUITests.xctest */,
			);
			name = Products;
			sourceTree = "<group>";
		};
		46E6CB471FE6EA3200F09C38 /* Vipassana */ = {
			isa = PBXGroup;
			children = (
				4630ECFC1FE71C660066D5E5 /* AudioAssets */,
				4630ECF81FE713CB0066D5E5 /* Managers */,
				4630ECF31FE70C7B0066D5E5 /* Models */,
				46E6CB481FE6EA3200F09C38 /* AppDelegate.swift */,
				46E6CB4A1FE6EA3200F09C38 /* ViewController.swift */,
				46E6CB4C1FE6EA3200F09C38 /* Main.storyboard */,
				46E6CB4F1FE6EA3200F09C38 /* Assets.xcassets */,
				46E6CB511FE6EA3200F09C38 /* LaunchScreen.storyboard */,
				46E6CB541FE6EA3200F09C38 /* Info.plist */,
			);
			path = Vipassana;
			sourceTree = "<group>";
		};
		46E6CB5C1FE6EA3200F09C38 /* VipassanaTests */ = {
			isa = PBXGroup;
			children = (
				46E6CB5D1FE6EA3200F09C38 /* VipassanaTests.swift */,
				46E6CB5F1FE6EA3200F09C38 /* Info.plist */,
			);
			path = VipassanaTests;
			sourceTree = "<group>";
		};
		46E6CB671FE6EA3200F09C38 /* VipassanaUITests */ = {
			isa = PBXGroup;
			children = (
				46E6CB681FE6EA3200F09C38 /* VipassanaUITests.swift */,
				46E6CB6A1FE6EA3200F09C38 /* Info.plist */,
			);
			path = VipassanaUITests;
			sourceTree = "<group>";
		};
/* End PBXGroup section */

/* Begin PBXNativeTarget section */
		46E6CB441FE6EA3200F09C38 /* Vipassana */ = {
			isa = PBXNativeTarget;
			buildConfigurationList = 46E6CB6D1FE6EA3200F09C38 /* Build configuration list for PBXNativeTarget "Vipassana" */;
			buildPhases = (
				46E6CB411FE6EA3200F09C38 /* Sources */,
				46E6CB421FE6EA3200F09C38 /* Frameworks */,
				46E6CB431FE6EA3200F09C38 /* Resources */,
			);
			buildRules = (
			);
			dependencies = (
			);
			name = Vipassana;
			productName = Vipassana;
			productReference = 46E6CB451FE6EA3200F09C38 /* Vipassana.app */;
			productType = "com.apple.product-type.application";
		};
		46E6CB581FE6EA3200F09C38 /* VipassanaTests */ = {
			isa = PBXNativeTarget;
			buildConfigurationList = 46E6CB701FE6EA3200F09C38 /* Build configuration list for PBXNativeTarget "VipassanaTests" */;
			buildPhases = (
				46E6CB551FE6EA3200F09C38 /* Sources */,
				46E6CB561FE6EA3200F09C38 /* Frameworks */,
				46E6CB571FE6EA3200F09C38 /* Resources */,
			);
			buildRules = (
			);
			dependencies = (
				46E6CB5B1FE6EA3200F09C38 /* PBXTargetDependency */,
			);
			name = VipassanaTests;
			productName = VipassanaTests;
			productReference = 46E6CB591FE6EA3200F09C38 /* VipassanaTests.xctest */;
			productType = "com.apple.product-type.bundle.unit-test";
		};
		46E6CB631FE6EA3200F09C38 /* VipassanaUITests */ = {
			isa = PBXNativeTarget;
			buildConfigurationList = 46E6CB731FE6EA3200F09C38 /* Build configuration list for PBXNativeTarget "VipassanaUITests" */;
			buildPhases = (
				46E6CB601FE6EA3200F09C38 /* Sources */,
				46E6CB611FE6EA3200F09C38 /* Frameworks */,
				46E6CB621FE6EA3200F09C38 /* Resources */,
			);
			buildRules = (
			);
			dependencies = (
				46E6CB661FE6EA3200F09C38 /* PBXTargetDependency */,
			);
			name = VipassanaUITests;
			productName = VipassanaUITests;
			productReference = 46E6CB641FE6EA3200F09C38 /* VipassanaUITests.xctest */;
			productType = "com.apple.product-type.bundle.ui-testing";
		};
/* End PBXNativeTarget section */

/* Begin PBXProject section */
		46E6CB3D1FE6EA3200F09C38 /* Project object */ = {
			isa = PBXProject;
			attributes = {
				LastSwiftUpdateCheck = 0920;
				LastUpgradeCheck = 0920;
				ORGANIZATIONNAME = "Russell Eric Dobda";
				TargetAttributes = {
					46E6CB441FE6EA3200F09C38 = {
						CreatedOnToolsVersion = 9.2;
						ProvisioningStyle = Automatic;
					};
					46E6CB581FE6EA3200F09C38 = {
						CreatedOnToolsVersion = 9.2;
						ProvisioningStyle = Automatic;
						TestTargetID = 46E6CB441FE6EA3200F09C38;
					};
					46E6CB631FE6EA3200F09C38 = {
						CreatedOnToolsVersion = 9.2;
						ProvisioningStyle = Automatic;
						TestTargetID = 46E6CB441FE6EA3200F09C38;
					};
				};
			};
			buildConfigurationList = 46E6CB401FE6EA3200F09C38 /* Build configuration list for PBXProject "Vipassana" */;
			compatibilityVersion = "Xcode 8.0";
			developmentRegion = en;
			hasScannedForEncodings = 0;
			knownRegions = (
				en,
				Base,
			);
			mainGroup = 46E6CB3C1FE6EA3200F09C38;
			productRefGroup = 46E6CB461FE6EA3200F09C38 /* Products */;
			projectDirPath = "";
			projectRoot = "";
			targets = (
				46E6CB441FE6EA3200F09C38 /* Vipassana */,
				46E6CB581FE6EA3200F09C38 /* VipassanaTests */,
				46E6CB631FE6EA3200F09C38 /* VipassanaUITests */,
			);
		};
/* End PBXProject section */

/* Begin PBXResourcesBuildPhase section */
		46E6CB431FE6EA3200F09C38 /* Resources */ = {
			isa = PBXResourcesBuildPhase;
			buildActionMask = 2147483647;
			files = (
				460675C21FE723EE00E071E1 /* 06_Symmetrical2.wav in Resources */,
				460675B71FE723EE00E071E1 /* 03_FocusedAnapana2.wav in Resources */,
				46E6CB531FE6EA3200F09C38 /* LaunchScreen.storyboard in Resources */,
				460675BD1FE723EE00E071E1 /* MetaPana.wav in Resources */,
				460675BF1FE723EE00E071E1 /* 02_Anapana.wav in Resources */,
				460675BA1FE723EE00E071E1 /* 01_Shamatha.wav in Resources */,
				460675C51FE723EE00E071E1 /* 08_InTheMoment.wav in Resources */,
				46E6CB501FE6EA3200F09C38 /* Assets.xcassets in Resources */,
				460675B81FE723EE00E071E1 /* 07_Sweeping.wav in Resources */,
				460675B51FE723EE00E071E1 /* 01_Shamatha2.wav in Resources */,
				46E6CB4E1FE6EA3200F09C38 /* Main.storyboard in Resources */,
				460675B91FE723EE00E071E1 /* 03_FocusedAnapana.wav in Resources */,
				460675C11FE723EE00E071E1 /* 04_TopToBottom.wav in Resources */,
				460675C31FE723EE00E071E1 /* 05_TopToBottomBottomToTop2.wav in Resources */,
				460675B61FE723EE00E071E1 /* 07_Sweeping2.wav in Resources */,
				460675BC1FE723EE00E071E1 /* 06_Symmetrical.wav in Resources */,
				460675C41FE723EE00E071E1 /* 05_TopToBottomBottomToTop.wav in Resources */,
				460675B41FE723EE00E071E1 /* 04_TopToBottom2.wav in Resources */,
				460675BE1FE723EE00E071E1 /* Introduction.wav in Resources */,
				460675C01FE723EE00E071E1 /* 02_Anapana2.wav in Resources */,
				460675BB1FE723EE00E071E1 /* 08_InTheMoment2.wav in Resources */,
			);
			runOnlyForDeploymentPostprocessing = 0;
		};
		46E6CB571FE6EA3200F09C38 /* Resources */ = {
			isa = PBXResourcesBuildPhase;
			buildActionMask = 2147483647;
			files = (
			);
			runOnlyForDeploymentPostprocessing = 0;
		};
		46E6CB621FE6EA3200F09C38 /* Resources */ = {
			isa = PBXResourcesBuildPhase;
			buildActionMask = 2147483647;
			files = (
			);
			runOnlyForDeploymentPostprocessing = 0;
		};
/* End PBXResourcesBuildPhase section */

/* Begin PBXSourcesBuildPhase section */
		46E6CB411FE6EA3200F09C38 /* Sources */ = {
			isa = PBXSourcesBuildPhase;
			buildActionMask = 2147483647;
			files = (
				4630ECF71FE712350066D5E5 /* User.swift in Sources */,
				4630ECFA1FE713E70066D5E5 /* VipassanaManager.swift in Sources */,
				46E6CB4B1FE6EA3200F09C38 /* ViewController.swift in Sources */,
				46E6CB491FE6EA3200F09C38 /* AppDelegate.swift in Sources */,
				4630ECF51FE70CA50066D5E5 /* Track.swift in Sources */,
			);
			runOnlyForDeploymentPostprocessing = 0;
		};
		46E6CB551FE6EA3200F09C38 /* Sources */ = {
			isa = PBXSourcesBuildPhase;
			buildActionMask = 2147483647;
			files = (
				46E6CB5E1FE6EA3200F09C38 /* VipassanaTests.swift in Sources */,
			);
			runOnlyForDeploymentPostprocessing = 0;
		};
		46E6CB601FE6EA3200F09C38 /* Sources */ = {
			isa = PBXSourcesBuildPhase;
			buildActionMask = 2147483647;
			files = (
				46E6CB691FE6EA3200F09C38 /* VipassanaUITests.swift in Sources */,
			);
			runOnlyForDeploymentPostprocessing = 0;
		};
/* End PBXSourcesBuildPhase section */

/* Begin PBXTargetDependency section */
		46E6CB5B1FE6EA3200F09C38 /* PBXTargetDependency */ = {
			isa = PBXTargetDependency;
			target = 46E6CB441FE6EA3200F09C38 /* Vipassana */;
			targetProxy = 46E6CB5A1FE6EA3200F09C38 /* PBXContainerItemProxy */;
		};
		46E6CB661FE6EA3200F09C38 /* PBXTargetDependency */ = {
			isa = PBXTargetDependency;
			target = 46E6CB441FE6EA3200F09C38 /* Vipassana */;
			targetProxy = 46E6CB651FE6EA3200F09C38 /* PBXContainerItemProxy */;
		};
/* End PBXTargetDependency section */

/* Begin PBXVariantGroup section */
		46E6CB4C1FE6EA3200F09C38 /* Main.storyboard */ = {
			isa = PBXVariantGroup;
			children = (
				46E6CB4D1FE6EA3200F09C38 /* Base */,
			);
			name = Main.storyboard;
			sourceTree = "<group>";
		};
		46E6CB511FE6EA3200F09C38 /* LaunchScreen.storyboard */ = {
			isa = PBXVariantGroup;
			children = (
				46E6CB521FE6EA3200F09C38 /* Base */,
			);
			name = LaunchScreen.storyboard;
			sourceTree = "<group>";
		};
/* End PBXVariantGroup section */

/* Begin XCBuildConfiguration section */
		46E6CB6B1FE6EA3200F09C38 /* Debug */ = {
			isa = XCBuildConfiguration;
			buildSettings = {
				ALWAYS_SEARCH_USER_PATHS = NO;
				CLANG_ANALYZER_NONNULL = YES;
				CLANG_ANALYZER_NUMBER_OBJECT_CONVERSION = YES_AGGRESSIVE;
				CLANG_CXX_LANGUAGE_STANDARD = "gnu++14";
				CLANG_CXX_LIBRARY = "libc++";
				CLANG_ENABLE_MODULES = YES;
				CLANG_ENABLE_OBJC_ARC = YES;
				CLANG_WARN_BLOCK_CAPTURE_AUTORELEASING = YES;
				CLANG_WARN_BOOL_CONVERSION = YES;
				CLANG_WARN_COMMA = YES;
				CLANG_WARN_CONSTANT_CONVERSION = YES;
				CLANG_WARN_DIRECT_OBJC_ISA_USAGE = YES_ERROR;
				CLANG_WARN_DOCUMENTATION_COMMENTS = YES;
				CLANG_WARN_EMPTY_BODY = YES;
				CLANG_WARN_ENUM_CONVERSION = YES;
				CLANG_WARN_INFINITE_RECURSION = YES;
				CLANG_WARN_INT_CONVERSION = YES;
				CLANG_WARN_NON_LITERAL_NULL_CONVERSION = YES;
				CLANG_WARN_OBJC_LITERAL_CONVERSION = YES;
				CLANG_WARN_OBJC_ROOT_CLASS = YES_ERROR;
				CLANG_WARN_RANGE_LOOP_ANALYSIS = YES;
				CLANG_WARN_STRICT_PROTOTYPES = YES;
				CLANG_WARN_SUSPICIOUS_MOVE = YES;
				CLANG_WARN_UNGUARDED_AVAILABILITY = YES_AGGRESSIVE;
				CLANG_WARN_UNREACHABLE_CODE = YES;
				CLANG_WARN__DUPLICATE_METHOD_MATCH = YES;
				CODE_SIGN_IDENTITY = "iPhone Developer";
				COPY_PHASE_STRIP = NO;
				DEBUG_INFORMATION_FORMAT = dwarf;
				ENABLE_STRICT_OBJC_MSGSEND = YES;
				ENABLE_TESTABILITY = YES;
				GCC_C_LANGUAGE_STANDARD = gnu11;
				GCC_DYNAMIC_NO_PIC = NO;
				GCC_NO_COMMON_BLOCKS = YES;
				GCC_OPTIMIZATION_LEVEL = 0;
				GCC_PREPROCESSOR_DEFINITIONS = (
					"DEBUG=1",
					"$(inherited)",
				);
				GCC_WARN_64_TO_32_BIT_CONVERSION = YES;
				GCC_WARN_ABOUT_RETURN_TYPE = YES_ERROR;
				GCC_WARN_UNDECLARED_SELECTOR = YES;
				GCC_WARN_UNINITIALIZED_AUTOS = YES_AGGRESSIVE;
				GCC_WARN_UNUSED_FUNCTION = YES;
				GCC_WARN_UNUSED_VARIABLE = YES;
				IPHONEOS_DEPLOYMENT_TARGET = 11.2;
				MTL_ENABLE_DEBUG_INFO = YES;
				ONLY_ACTIVE_ARCH = YES;
				SDKROOT = iphoneos;
				SWIFT_ACTIVE_COMPILATION_CONDITIONS = DEBUG;
				SWIFT_OPTIMIZATION_LEVEL = "-Onone";
			};
			name = Debug;
		};
		46E6CB6C1FE6EA3200F09C38 /* Release */ = {
			isa = XCBuildConfiguration;
			buildSettings = {
				ALWAYS_SEARCH_USER_PATHS = NO;
				CLANG_ANALYZER_NONNULL = YES;
				CLANG_ANALYZER_NUMBER_OBJECT_CONVERSION = YES_AGGRESSIVE;
				CLANG_CXX_LANGUAGE_STANDARD = "gnu++14";
				CLANG_CXX_LIBRARY = "libc++";
				CLANG_ENABLE_MODULES = YES;
				CLANG_ENABLE_OBJC_ARC = YES;
				CLANG_WARN_BLOCK_CAPTURE_AUTORELEASING = YES;
				CLANG_WARN_BOOL_CONVERSION = YES;
				CLANG_WARN_COMMA = YES;
				CLANG_WARN_CONSTANT_CONVERSION = YES;
				CLANG_WARN_DIRECT_OBJC_ISA_USAGE = YES_ERROR;
				CLANG_WARN_DOCUMENTATION_COMMENTS = YES;
				CLANG_WARN_EMPTY_BODY = YES;
				CLANG_WARN_ENUM_CONVERSION = YES;
				CLANG_WARN_INFINITE_RECURSION = YES;
				CLANG_WARN_INT_CONVERSION = YES;
				CLANG_WARN_NON_LITERAL_NULL_CONVERSION = YES;
				CLANG_WARN_OBJC_LITERAL_CONVERSION = YES;
				CLANG_WARN_OBJC_ROOT_CLASS = YES_ERROR;
				CLANG_WARN_RANGE_LOOP_ANALYSIS = YES;
				CLANG_WARN_STRICT_PROTOTYPES = YES;
				CLANG_WARN_SUSPICIOUS_MOVE = YES;
				CLANG_WARN_UNGUARDED_AVAILABILITY = YES_AGGRESSIVE;
				CLANG_WARN_UNREACHABLE_CODE = YES;
				CLANG_WARN__DUPLICATE_METHOD_MATCH = YES;
				CODE_SIGN_IDENTITY = "iPhone Developer";
				COPY_PHASE_STRIP = NO;
				DEBUG_INFORMATION_FORMAT = "dwarf-with-dsym";
				ENABLE_NS_ASSERTIONS = NO;
				ENABLE_STRICT_OBJC_MSGSEND = YES;
				GCC_C_LANGUAGE_STANDARD = gnu11;
				GCC_NO_COMMON_BLOCKS = YES;
				GCC_WARN_64_TO_32_BIT_CONVERSION = YES;
				GCC_WARN_ABOUT_RETURN_TYPE = YES_ERROR;
				GCC_WARN_UNDECLARED_SELECTOR = YES;
				GCC_WARN_UNINITIALIZED_AUTOS = YES_AGGRESSIVE;
				GCC_WARN_UNUSED_FUNCTION = YES;
				GCC_WARN_UNUSED_VARIABLE = YES;
				IPHONEOS_DEPLOYMENT_TARGET = 11.2;
				MTL_ENABLE_DEBUG_INFO = NO;
				SDKROOT = iphoneos;
				SWIFT_OPTIMIZATION_LEVEL = "-Owholemodule";
				VALIDATE_PRODUCT = YES;
			};
			name = Release;
		};
		46E6CB6E1FE6EA3200F09C38 /* Debug */ = {
			isa = XCBuildConfiguration;
			buildSettings = {
				ASSETCATALOG_COMPILER_APPICON_NAME = AppIcon;
				CODE_SIGN_STYLE = Automatic;
				DEVELOPMENT_TEAM = 276WN98J2C;
				INFOPLIST_FILE = Vipassana/Info.plist;
				LD_RUNPATH_SEARCH_PATHS = "$(inherited) @executable_path/Frameworks";
				PRODUCT_BUNDLE_IDENTIFIER = com.russellEricDobda.Vipassana;
				PRODUCT_NAME = "$(TARGET_NAME)";
				SWIFT_VERSION = 4.0;
				TARGETED_DEVICE_FAMILY = "1,2";
			};
			name = Debug;
		};
		46E6CB6F1FE6EA3200F09C38 /* Release */ = {
			isa = XCBuildConfiguration;
			buildSettings = {
				ASSETCATALOG_COMPILER_APPICON_NAME = AppIcon;
				CODE_SIGN_STYLE = Automatic;
				DEVELOPMENT_TEAM = 276WN98J2C;
				INFOPLIST_FILE = Vipassana/Info.plist;
				LD_RUNPATH_SEARCH_PATHS = "$(inherited) @executable_path/Frameworks";
				PRODUCT_BUNDLE_IDENTIFIER = com.russellEricDobda.Vipassana;
				PRODUCT_NAME = "$(TARGET_NAME)";
				SWIFT_VERSION = 4.0;
				TARGETED_DEVICE_FAMILY = "1,2";
			};
			name = Release;
		};
		46E6CB711FE6EA3200F09C38 /* Debug */ = {
			isa = XCBuildConfiguration;
			buildSettings = {
				ALWAYS_EMBED_SWIFT_STANDARD_LIBRARIES = YES;
				BUNDLE_LOADER = "$(TEST_HOST)";
				CODE_SIGN_STYLE = Automatic;
				DEVELOPMENT_TEAM = 276WN98J2C;
				INFOPLIST_FILE = VipassanaTests/Info.plist;
				LD_RUNPATH_SEARCH_PATHS = "$(inherited) @executable_path/Frameworks @loader_path/Frameworks";
				PRODUCT_BUNDLE_IDENTIFIER = com.russellEricDobda.VipassanaTests;
				PRODUCT_NAME = "$(TARGET_NAME)";
				SWIFT_VERSION = 4.0;
				TARGETED_DEVICE_FAMILY = "1,2";
				TEST_HOST = "$(BUILT_PRODUCTS_DIR)/Vipassana.app/Vipassana";
			};
			name = Debug;
		};
		46E6CB721FE6EA3200F09C38 /* Release */ = {
			isa = XCBuildConfiguration;
			buildSettings = {
				ALWAYS_EMBED_SWIFT_STANDARD_LIBRARIES = YES;
				BUNDLE_LOADER = "$(TEST_HOST)";
				CODE_SIGN_STYLE = Automatic;
				DEVELOPMENT_TEAM = 276WN98J2C;
				INFOPLIST_FILE = VipassanaTests/Info.plist;
				LD_RUNPATH_SEARCH_PATHS = "$(inherited) @executable_path/Frameworks @loader_path/Frameworks";
				PRODUCT_BUNDLE_IDENTIFIER = com.russellEricDobda.VipassanaTests;
				PRODUCT_NAME = "$(TARGET_NAME)";
				SWIFT_VERSION = 4.0;
				TARGETED_DEVICE_FAMILY = "1,2";
				TEST_HOST = "$(BUILT_PRODUCTS_DIR)/Vipassana.app/Vipassana";
			};
			name = Release;
		};
		46E6CB741FE6EA3200F09C38 /* Debug */ = {
			isa = XCBuildConfiguration;
			buildSettings = {
				ALWAYS_EMBED_SWIFT_STANDARD_LIBRARIES = YES;
				CODE_SIGN_STYLE = Automatic;
				DEVELOPMENT_TEAM = 276WN98J2C;
				INFOPLIST_FILE = VipassanaUITests/Info.plist;
				LD_RUNPATH_SEARCH_PATHS = "$(inherited) @executable_path/Frameworks @loader_path/Frameworks";
				PRODUCT_BUNDLE_IDENTIFIER = com.russellEricDobda.VipassanaUITests;
				PRODUCT_NAME = "$(TARGET_NAME)";
				SWIFT_VERSION = 4.0;
				TARGETED_DEVICE_FAMILY = "1,2";
				TEST_TARGET_NAME = Vipassana;
			};
			name = Debug;
		};
		46E6CB751FE6EA3200F09C38 /* Release */ = {
			isa = XCBuildConfiguration;
			buildSettings = {
				ALWAYS_EMBED_SWIFT_STANDARD_LIBRARIES = YES;
				CODE_SIGN_STYLE = Automatic;
				DEVELOPMENT_TEAM = 276WN98J2C;
				INFOPLIST_FILE = VipassanaUITests/Info.plist;
				LD_RUNPATH_SEARCH_PATHS = "$(inherited) @executable_path/Frameworks @loader_path/Frameworks";
				PRODUCT_BUNDLE_IDENTIFIER = com.russellEricDobda.VipassanaUITests;
				PRODUCT_NAME = "$(TARGET_NAME)";
				SWIFT_VERSION = 4.0;
				TARGETED_DEVICE_FAMILY = "1,2";
				TEST_TARGET_NAME = Vipassana;
			};
			name = Release;
		};
/* End XCBuildConfiguration section */

/* Begin XCConfigurationList section */
		46E6CB401FE6EA3200F09C38 /* Build configuration list for PBXProject "Vipassana" */ = {
			isa = XCConfigurationList;
			buildConfigurations = (
				46E6CB6B1FE6EA3200F09C38 /* Debug */,
				46E6CB6C1FE6EA3200F09C38 /* Release */,
			);
			defaultConfigurationIsVisible = 0;
			defaultConfigurationName = Release;
		};
		46E6CB6D1FE6EA3200F09C38 /* Build configuration list for PBXNativeTarget "Vipassana" */ = {
			isa = XCConfigurationList;
			buildConfigurations = (
				46E6CB6E1FE6EA3200F09C38 /* Debug */,
				46E6CB6F1FE6EA3200F09C38 /* Release */,
			);
			defaultConfigurationIsVisible = 0;
			defaultConfigurationName = Release;
		};
		46E6CB701FE6EA3200F09C38 /* Build configuration list for PBXNativeTarget "VipassanaTests" */ = {
			isa = XCConfigurationList;
			buildConfigurations = (
				46E6CB711FE6EA3200F09C38 /* Debug */,
				46E6CB721FE6EA3200F09C38 /* Release */,
			);
			defaultConfigurationIsVisible = 0;
			defaultConfigurationName = Release;
		};
		46E6CB731FE6EA3200F09C38 /* Build configuration list for PBXNativeTarget "VipassanaUITests" */ = {
			isa = XCConfigurationList;
			buildConfigurations = (
				46E6CB741FE6EA3200F09C38 /* Debug */,
				46E6CB751FE6EA3200F09C38 /* Release */,
			);
			defaultConfigurationIsVisible = 0;
			defaultConfigurationName = Release;
		};
/* End XCConfigurationList section */
	};
	rootObject = 46E6CB3D1FE6EA3200F09C38 /* Project object */;
}
